
Microsoft Visual Studio Solution File, Format Version 12.00
# Visual Studio Version 16
VisualStudioVersion = 16.0.30804.86
MinimumVisualStudioVersion = 10.0.40219.1
Project("{FAE04EC0-301F-11D3-BF4B-00C04F79EFBC}") = "WpfApp1", "WpfApp1\WpfApp1.csproj", "{0491DB42-ED79-4852-877C-D52B0AD74CCD}"
EndProject
Global
	GlobalSection(SolutionConfigurationPlatforms) = preSolution
		Debug|Any CPU = Debug|Any CPU
		Release|Any CPU = Release|Any CPU
	EndGlobalSection
	GlobalSection(ProjectConfigurationPlatforms) = postSolution
		{0491DB42-ED79-4852-877C-D52B0AD74CCD}.Debug|Any CPU.ActiveCfg = Debug|Any CPU
		{0491DB42-ED79-4852-877C-D52B0AD74CCD}.Debug|Any CPU.Build.0 = Debug|Any CPU
		{0491DB42-ED79-4852-877C-D52B0AD74CCD}.Release|Any CPU.ActiveCfg = Release|Any CPU
		{0491DB42-ED79-4852-877C-D52B0AD74CCD}.Release|Any CPU.Build.0 = Release|Any CPU
	EndGlobalSection
	GlobalSection(SolutionProperties) = preSolution
		HideSolutionNode = FALSE
	EndGlobalSection
	GlobalSection(ExtensibilityGlobals) = postSolution
		SolutionGuid = {CEA783FF-70A2-4FF2-850A-FA852F3760E2}
	EndGlobalSection
EndGlobal
